// !$*UTF8*$!
{
	archiveVersion = 1;
	classes = {
	};
	objectVersion = 46;
	objects = {

/* Begin PBXBuildFile section */
		B49A31321E6A04AE00258C11 /* AppDelegate.swift in Sources */ = {isa = PBXBuildFile; fileRef = B49A31311E6A04AE00258C11 /* AppDelegate.swift */; };
		B49A31341E6A04AE00258C11 /* ViewController.swift in Sources */ = {isa = PBXBuildFile; fileRef = B49A31331E6A04AE00258C11 /* ViewController.swift */; };
		B49A31371E6A04AE00258C11 /* Main.storyboard in Resources */ = {isa = PBXBuildFile; fileRef = B49A31351E6A04AE00258C11 /* Main.storyboard */; };
		B49A31391E6A04AE00258C11 /* Assets.xcassets in Resources */ = {isa = PBXBuildFile; fileRef = B49A31381E6A04AE00258C11 /* Assets.xcassets */; };
		B49A313C1E6A04AE00258C11 /* LaunchScreen.storyboard in Resources */ = {isa = PBXBuildFile; fileRef = B49A313A1E6A04AE00258C11 /* LaunchScreen.storyboard */; };
		B49A31471E6A04AE00258C11 /* EventsTutorialTests.swift in Sources */ = {isa = PBXBuildFile; fileRef = B49A31461E6A04AE00258C11 /* EventsTutorialTests.swift */; };
		B49A31521E6A04AE00258C11 /* EventsTutorialUITests.swift in Sources */ = {isa = PBXBuildFile; fileRef = B49A31511E6A04AE00258C11 /* EventsTutorialUITests.swift */; };
/* End PBXBuildFile section */

/* Begin PBXContainerItemProxy section */
		B49A31431E6A04AE00258C11 /* PBXContainerItemProxy */ = {
			isa = PBXContainerItemProxy;
			containerPortal = B49A31261E6A04AE00258C11 /* Project object */;
			proxyType = 1;
			remoteGlobalIDString = B49A312D1E6A04AE00258C11;
			remoteInfo = EventsTutorial;
		};
		B49A314E1E6A04AE00258C11 /* PBXContainerItemProxy */ = {
			isa = PBXContainerItemProxy;
			containerPortal = B49A31261E6A04AE00258C11 /* Project object */;
			proxyType = 1;
			remoteGlobalIDString = B49A312D1E6A04AE00258C11;
			remoteInfo = EventsTutorial;
		};
/* End PBXContainerItemProxy section */

/* Begin PBXFileReference section */
		B49A312E1E6A04AE00258C11 /* EventsTutorial.app */ = {isa = PBXFileReference; explicitFileType = wrapper.application; includeInIndex = 0; path = EventsTutorial.app; sourceTree = BUILT_PRODUCTS_DIR; };
		B49A31311E6A04AE00258C11 /* AppDelegate.swift */ = {isa = PBXFileReference; lastKnownFileType = sourcecode.swift; path = AppDelegate.swift; sourceTree = "<group>"; };
		B49A31331E6A04AE00258C11 /* ViewController.swift */ = {isa = PBXFileReference; lastKnownFileType = sourcecode.swift; path = ViewController.swift; sourceTree = "<group>"; };
		B49A31361E6A04AE00258C11 /* Base */ = {isa = PBXFileReference; lastKnownFileType = file.storyboard; name = Base; path = Base.lproj/Main.storyboard; sourceTree = "<group>"; };
		B49A31381E6A04AE00258C11 /* Assets.xcassets */ = {isa = PBXFileReference; lastKnownFileType = folder.assetcatalog; path = Assets.xcassets; sourceTree = "<group>"; };
		B49A313B1E6A04AE00258C11 /* Base */ = {isa = PBXFileReference; lastKnownFileType = file.storyboard; name = Base; path = Base.lproj/LaunchScreen.storyboard; sourceTree = "<group>"; };
		B49A313D1E6A04AE00258C11 /* Info.plist */ = {isa = PBXFileReference; lastKnownFileType = text.plist.xml; path = Info.plist; sourceTree = "<group>"; };
		B49A31421E6A04AE00258C11 /* EventsTutorialTests.xctest */ = {isa = PBXFileReference; explicitFileType = wrapper.cfbundle; includeInIndex = 0; path = EventsTutorialTests.xctest; sourceTree = BUILT_PRODUCTS_DIR; };
		B49A31461E6A04AE00258C11 /* EventsTutorialTests.swift */ = {isa = PBXFileReference; lastKnownFileType = sourcecode.swift; path = EventsTutorialTests.swift; sourceTree = "<group>"; };
		B49A31481E6A04AE00258C11 /* Info.plist */ = {isa = PBXFileReference; lastKnownFileType = text.plist.xml; path = Info.plist; sourceTree = "<group>"; };
		B49A314D1E6A04AE00258C11 /* EventsTutorialUITests.xctest */ = {isa = PBXFileReference; explicitFileType = wrapper.cfbundle; includeInIndex = 0; path = EventsTutorialUITests.xctest; sourceTree = BUILT_PRODUCTS_DIR; };
		B49A31511E6A04AE00258C11 /* EventsTutorialUITests.swift */ = {isa = PBXFileReference; lastKnownFileType = sourcecode.swift; path = EventsTutorialUITests.swift; sourceTree = "<group>"; };
		B49A31531E6A04AE00258C11 /* Info.plist */ = {isa = PBXFileReference; lastKnownFileType = text.plist.xml; path = Info.plist; sourceTree = "<group>"; };
/* End PBXFileReference section */

/* Begin PBXFrameworksBuildPhase section */
		B49A312B1E6A04AE00258C11 /* Frameworks */ = {
			isa = PBXFrameworksBuildPhase;
			buildActionMask = 2147483647;
			files = (
			);
			runOnlyForDeploymentPostprocessing = 0;
		};
		B49A313F1E6A04AE00258C11 /* Frameworks */ = {
			isa = PBXFrameworksBuildPhase;
			buildActionMask = 2147483647;
			files = (
			);
			runOnlyForDeploymentPostprocessing = 0;
		};
		B49A314A1E6A04AE00258C11 /* Frameworks */ = {
			isa = PBXFrameworksBuildPhase;
			buildActionMask = 2147483647;
			files = (
			);
			runOnlyForDeploymentPostprocessing = 0;
		};
/* End PBXFrameworksBuildPhase section */

/* Begin PBXGroup section */
		B49A31251E6A04AE00258C11 = {
			isa = PBXGroup;
			children = (
				B49A31301E6A04AE00258C11 /* EventsTutorial */,
				B49A31451E6A04AE00258C11 /* EventsTutorialTests */,
				B49A31501E6A04AE00258C11 /* EventsTutorialUITests */,
				B49A312F1E6A04AE00258C11 /* Products */,
			);
			sourceTree = "<group>";
		};
		B49A312F1E6A04AE00258C11 /* Products */ = {
			isa = PBXGroup;
			children = (
				B49A312E1E6A04AE00258C11 /* EventsTutorial.app */,
				B49A31421E6A04AE00258C11 /* EventsTutorialTests.xctest */,
				B49A314D1E6A04AE00258C11 /* EventsTutorialUITests.xctest */,
			);
			name = Products;
			sourceTree = "<group>";
		};
		B49A31301E6A04AE00258C11 /* EventsTutorial */ = {
			isa = PBXGroup;
			children = (
				B49A31311E6A04AE00258C11 /* AppDelegate.swift */,
				B49A31331E6A04AE00258C11 /* ViewController.swift */,
				B49A31351E6A04AE00258C11 /* Main.storyboard */,
				B49A31381E6A04AE00258C11 /* Assets.xcassets */,
				B49A313A1E6A04AE00258C11 /* LaunchScreen.storyboard */,
				B49A313D1E6A04AE00258C11 /* Info.plist */,
			);
			path = EventsTutorial;
			sourceTree = "<group>";
		};
		B49A31451E6A04AE00258C11 /* EventsTutorialTests */ = {
			isa = PBXGroup;
			children = (
				B49A31461E6A04AE00258C11 /* EventsTutorialTests.swift */,
				B49A31481E6A04AE00258C11 /* Info.plist */,
			);
			path = EventsTutorialTests;
			sourceTree = "<group>";
		};
		B49A31501E6A04AE00258C11 /* EventsTutorialUITests */ = {
			isa = PBXGroup;
			children = (
				B49A31511E6A04AE00258C11 /* EventsTutorialUITests.swift */,
				B49A31531E6A04AE00258C11 /* Info.plist */,
			);
			path = EventsTutorialUITests;
			sourceTree = "<group>";
		};
/* End PBXGroup section */

/* Begin PBXNativeTarget section */
		B49A312D1E6A04AE00258C11 /* EventsTutorial */ = {
			isa = PBXNativeTarget;
			buildConfigurationList = B49A31561E6A04AE00258C11 /* Build configuration list for PBXNativeTarget "EventsTutorial" */;
			buildPhases = (
				B49A312A1E6A04AE00258C11 /* Sources */,
				B49A312B1E6A04AE00258C11 /* Frameworks */,
				B49A312C1E6A04AE00258C11 /* Resources */,
			);
			buildRules = (
			);
			dependencies = (
			);
			name = EventsTutorial;
			productName = EventsTutorial;
			productReference = B49A312E1E6A04AE00258C11 /* EventsTutorial.app */;
			productType = "com.apple.product-type.application";
		};
		B49A31411E6A04AE00258C11 /* EventsTutorialTests */ = {
			isa = PBXNativeTarget;
			buildConfigurationList = B49A31591E6A04AE00258C11 /* Build configuration list for PBXNativeTarget "EventsTutorialTests" */;
			buildPhases = (
				B49A313E1E6A04AE00258C11 /* Sources */,
				B49A313F1E6A04AE00258C11 /* Frameworks */,
				B49A31401E6A04AE00258C11 /* Resources */,
			);
			buildRules = (
			);
			dependencies = (
				B49A31441E6A04AE00258C11 /* PBXTargetDependency */,
			);
			name = EventsTutorialTests;
			productName = EventsTutorialTests;
			productReference = B49A31421E6A04AE00258C11 /* EventsTutorialTests.xctest */;
			productType = "com.apple.product-type.bundle.unit-test";
		};
		B49A314C1E6A04AE00258C11 /* EventsTutorialUITests */ = {
			isa = PBXNativeTarget;
			buildConfigurationList = B49A315C1E6A04AE00258C11 /* Build configuration list for PBXNativeTarget "EventsTutorialUITests" */;
			buildPhases = (
				B49A31491E6A04AE00258C11 /* Sources */,
				B49A314A1E6A04AE00258C11 /* Frameworks */,
				B49A314B1E6A04AE00258C11 /* Resources */,
			);
			buildRules = (
			);
			dependencies = (
				B49A314F1E6A04AE00258C11 /* PBXTargetDependency */,
			);
			name = EventsTutorialUITests;
			productName = EventsTutorialUITests;
			productReference = B49A314D1E6A04AE00258C11 /* EventsTutorialUITests.xctest */;
			productType = "com.apple.product-type.bundle.ui-testing";
		};
/* End PBXNativeTarget section */

/* Begin PBXProject section */
		B49A31261E6A04AE00258C11 /* Project object */ = {
			isa = PBXProject;
			attributes = {
				LastSwiftUpdateCheck = 0810;
				LastUpgradeCheck = 0810;
				ORGANIZATIONNAME = "Kyle Suchar";
				TargetAttributes = {
					B49A312D1E6A04AE00258C11 = {
						CreatedOnToolsVersion = 8.1;
						DevelopmentTeam = 6GRLAN4X4N;
						ProvisioningStyle = Automatic;
					};
					B49A31411E6A04AE00258C11 = {
						CreatedOnToolsVersion = 8.1;
						DevelopmentTeam = 6GRLAN4X4N;
						ProvisioningStyle = Automatic;
						TestTargetID = B49A312D1E6A04AE00258C11;
					};
					B49A314C1E6A04AE00258C11 = {
						CreatedOnToolsVersion = 8.1;
						DevelopmentTeam = 6GRLAN4X4N;
						ProvisioningStyle = Automatic;
						TestTargetID = B49A312D1E6A04AE00258C11;
					};
				};
			};
			buildConfigurationList = B49A31291E6A04AE00258C11 /* Build configuration list for PBXProject "EventsTutorial" */;
			compatibilityVersion = "Xcode 3.2";
			developmentRegion = English;
			hasScannedForEncodings = 0;
			knownRegions = (
				en,
				Base,
			);
			mainGroup = B49A31251E6A04AE00258C11;
			productRefGroup = B49A312F1E6A04AE00258C11 /* Products */;
			projectDirPath = "";
			projectRoot = "";
			targets = (
				B49A312D1E6A04AE00258C11 /* EventsTutorial */,
				B49A31411E6A04AE00258C11 /* EventsTutorialTests */,
				B49A314C1E6A04AE00258C11 /* EventsTutorialUITests */,
			);
		};
/* End PBXProject section */

/* Begin PBXResourcesBuildPhase section */
		B49A312C1E6A04AE00258C11 /* Resources */ = {
			isa = PBXResourcesBuildPhase;
			buildActionMask = 2147483647;
			files = (
				B49A313C1E6A04AE00258C11 /* LaunchScreen.storyboard in Resources */,
				B49A31391E6A04AE00258C11 /* Assets.xcassets in Resources */,
				B49A31371E6A04AE00258C11 /* Main.storyboard in Resources */,
			);
			runOnlyForDeploymentPostprocessing = 0;
		};
		B49A31401E6A04AE00258C11 /* Resources */ = {
			isa = PBXResourcesBuildPhase;
			buildActionMask = 2147483647;
			files = (
			);
			runOnlyForDeploymentPostprocessing = 0;
		};
		B49A314B1E6A04AE00258C11 /* Resources */ = {
			isa = PBXResourcesBuildPhase;
			buildActionMask = 2147483647;
			files = (
			);
			runOnlyForDeploymentPostprocessing = 0;
		};
/* End PBXResourcesBuildPhase section */

/* Begin PBXSourcesBuildPhase section */
		B49A312A1E6A04AE00258C11 /* Sources */ = {
			isa = PBXSourcesBuildPhase;
			buildActionMask = 2147483647;
			files = (
				B49A31341E6A04AE00258C11 /* ViewController.swift in Sources */,
				B49A31321E6A04AE00258C11 /* AppDelegate.swift in Sources */,
			);
			runOnlyForDeploymentPostprocessing = 0;
		};
		B49A313E1E6A04AE00258C11 /* Sources */ = {
			isa = PBXSourcesBuildPhase;
			buildActionMask = 2147483647;
			files = (
				B49A31471E6A04AE00258C11 /* EventsTutorialTests.swift in Sources */,
			);
			runOnlyForDeploymentPostprocessing = 0;
		};
		B49A31491E6A04AE00258C11 /* Sources */ = {
			isa = PBXSourcesBuildPhase;
			buildActionMask = 2147483647;
			files = (
				B49A31521E6A04AE00258C11 /* EventsTutorialUITests.swift in Sources */,
			);
			runOnlyForDeploymentPostprocessing = 0;
		};
/* End PBXSourcesBuildPhase section */

/* Begin PBXTargetDependency section */
		B49A31441E6A04AE00258C11 /* PBXTargetDependency */ = {
			isa = PBXTargetDependency;
			target = B49A312D1E6A04AE00258C11 /* EventsTutorial */;
			targetProxy = B49A31431E6A04AE00258C11 /* PBXContainerItemProxy */;
		};
		B49A314F1E6A04AE00258C11 /* PBXTargetDependency */ = {
			isa = PBXTargetDependency;
			target = B49A312D1E6A04AE00258C11 /* EventsTutorial */;
			targetProxy = B49A314E1E6A04AE00258C11 /* PBXContainerItemProxy */;
		};
/* End PBXTargetDependency section */

/* Begin PBXVariantGroup section */
		B49A31351E6A04AE00258C11 /* Main.storyboard */ = {
			isa = PBXVariantGroup;
			children = (
				B49A31361E6A04AE00258C11 /* Base */,
			);
			name = Main.storyboard;
			sourceTree = "<group>";
		};
		B49A313A1E6A04AE00258C11 /* LaunchScreen.storyboard */ = {
			isa = PBXVariantGroup;
			children = (
				B49A313B1E6A04AE00258C11 /* Base */,
			);
			name = LaunchScreen.storyboard;
			sourceTree = "<group>";
		};
/* End PBXVariantGroup section */

/* Begin XCBuildConfiguration section */
		B49A31541E6A04AE00258C11 /* Debug */ = {
			isa = XCBuildConfiguration;
			buildSettings = {
				ALWAYS_SEARCH_USER_PATHS = NO;
				CLANG_ANALYZER_NONNULL = YES;
				CLANG_CXX_LANGUAGE_STANDARD = "gnu++0x";
				CLANG_CXX_LIBRARY = "libc++";
				CLANG_ENABLE_MODULES = YES;
				CLANG_ENABLE_OBJC_ARC = YES;
				CLANG_WARN_BOOL_CONVERSION = YES;
				CLANG_WARN_CONSTANT_CONVERSION = YES;
				CLANG_WARN_DIRECT_OBJC_ISA_USAGE = YES_ERROR;
				CLANG_WARN_DOCUMENTATION_COMMENTS = YES;
				CLANG_WARN_EMPTY_BODY = YES;
				CLANG_WARN_ENUM_CONVERSION = YES;
				CLANG_WARN_INFINITE_RECURSION = YES;
				CLANG_WARN_INT_CONVERSION = YES;
				CLANG_WARN_OBJC_ROOT_CLASS = YES_ERROR;
				CLANG_WARN_SUSPICIOUS_MOVES = YES;
				CLANG_WARN_UNREACHABLE_CODE = YES;
				CLANG_WARN__DUPLICATE_METHOD_MATCH = YES;
				"CODE_SIGN_IDENTITY[sdk=iphoneos*]" = "iPhone Developer";
				COPY_PHASE_STRIP = NO;
				DEBUG_INFORMATION_FORMAT = dwarf;
				ENABLE_STRICT_OBJC_MSGSEND = YES;
				ENABLE_TESTABILITY = YES;
				GCC_C_LANGUAGE_STANDARD = gnu99;
				GCC_DYNAMIC_NO_PIC = NO;
				GCC_NO_COMMON_BLOCKS = YES;
				GCC_OPTIMIZATION_LEVEL = 0;
				GCC_PREPROCESSOR_DEFINITIONS = (
					"DEBUG=1",
					"$(inherited)",
				);
				GCC_WARN_64_TO_32_BIT_CONVERSION = YES;
				GCC_WARN_ABOUT_RETURN_TYPE = YES_ERROR;
				GCC_WARN_UNDECLARED_SELECTOR = YES;
				GCC_WARN_UNINITIALIZED_AUTOS = YES_AGGRESSIVE;
				GCC_WARN_UNUSED_FUNCTION = YES;
				GCC_WARN_UNUSED_VARIABLE = YES;
				IPHONEOS_DEPLOYMENT_TARGET = 10.1;
				MTL_ENABLE_DEBUG_INFO = YES;
				ONLY_ACTIVE_ARCH = YES;
				SDKROOT = iphoneos;
				SWIFT_ACTIVE_COMPILATION_CONDITIONS = DEBUG;
				SWIFT_OPTIMIZATION_LEVEL = "-Onone";
			};
			name = Debug;
		};
		B49A31551E6A04AE00258C11 /* Release */ = {
			isa = XCBuildConfiguration;
			buildSettings = {
				ALWAYS_SEARCH_USER_PATHS = NO;
				CLANG_ANALYZER_NONNULL = YES;
				CLANG_CXX_LANGUAGE_STANDARD = "gnu++0x";
				CLANG_CXX_LIBRARY = "libc++";
				CLANG_ENABLE_MODULES = YES;
				CLANG_ENABLE_OBJC_ARC = YES;
				CLANG_WARN_BOOL_CONVERSION = YES;
				CLANG_WARN_CONSTANT_CONVERSION = YES;
				CLANG_WARN_DIRECT_OBJC_ISA_USAGE = YES_ERROR;
				CLANG_WARN_DOCUMENTATION_COMMENTS = YES;
				CLANG_WARN_EMPTY_BODY = YES;
				CLANG_WARN_ENUM_CONVERSION = YES;
				CLANG_WARN_INFINITE_RECURSION = YES;
				CLANG_WARN_INT_CONVERSION = YES;
				CLANG_WARN_OBJC_ROOT_CLASS = YES_ERROR;
				CLANG_WARN_SUSPICIOUS_MOVES = YES;
				CLANG_WARN_UNREACHABLE_CODE = YES;
				CLANG_WARN__DUPLICATE_METHOD_MATCH = YES;
				"CODE_SIGN_IDENTITY[sdk=iphoneos*]" = "iPhone Developer";
				COPY_PHASE_STRIP = NO;
				DEBUG_INFORMATION_FORMAT = "dwarf-with-dsym";
				ENABLE_NS_ASSERTIONS = NO;
				ENABLE_STRICT_OBJC_MSGSEND = YES;
				GCC_C_LANGUAGE_STANDARD = gnu99;
				GCC_NO_COMMON_BLOCKS = YES;
				GCC_WARN_64_TO_32_BIT_CONVERSION = YES;
				GCC_WARN_ABOUT_RETURN_TYPE = YES_ERROR;
				GCC_WARN_UNDECLARED_SELECTOR = YES;
				GCC_WARN_UNINITIALIZED_AUTOS = YES_AGGRESSIVE;
				GCC_WARN_UNUSED_FUNCTION = YES;
				GCC_WARN_UNUSED_VARIABLE = YES;
				IPHONEOS_DEPLOYMENT_TARGET = 10.1;
				MTL_ENABLE_DEBUG_INFO = NO;
				SDKROOT = iphoneos;
				SWIFT_OPTIMIZATION_LEVEL = "-Owholemodule";
				VALIDATE_PRODUCT = YES;
			};
			name = Release;
		};
		B49A31571E6A04AE00258C11 /* Debug */ = {
			isa = XCBuildConfiguration;
			buildSettings = {
				ASSETCATALOG_COMPILER_APPICON_NAME = AppIcon;
				DEVELOPMENT_TEAM = 6GRLAN4X4N;
				INFOPLIST_FILE = EventsTutorial/Info.plist;
				LD_RUNPATH_SEARCH_PATHS = "$(inherited) @executable_path/Frameworks";
				PRODUCT_BUNDLE_IDENTIFIER = com.kylesuchar.EventsTutorial;
				PRODUCT_NAME = "$(TARGET_NAME)";
				SWIFT_VERSION = 3.0;
			};
			name = Debug;
		};
		B49A31581E6A04AE00258C11 /* Release */ = {
			isa = XCBuildConfiguration;
			buildSettings = {
				ASSETCATALOG_COMPILER_APPICON_NAME = AppIcon;
				DEVELOPMENT_TEAM = 6GRLAN4X4N;
				INFOPLIST_FILE = EventsTutorial/Info.plist;
				LD_RUNPATH_SEARCH_PATHS = "$(inherited) @executable_path/Frameworks";
				PRODUCT_BUNDLE_IDENTIFIER = com.kylesuchar.EventsTutorial;
				PRODUCT_NAME = "$(TARGET_NAME)";
				SWIFT_VERSION = 3.0;
			};
			name = Release;
		};
		B49A315A1E6A04AE00258C11 /* Debug */ = {
			isa = XCBuildConfiguration;
			buildSettings = {
				ALWAYS_EMBED_SWIFT_STANDARD_LIBRARIES = YES;
				BUNDLE_LOADER = "$(TEST_HOST)";
				DEVELOPMENT_TEAM = 6GRLAN4X4N;
				INFOPLIST_FILE = EventsTutorialTests/Info.plist;
				LD_RUNPATH_SEARCH_PATHS = "$(inherited) @executable_path/Frameworks @loader_path/Frameworks";
				PRODUCT_BUNDLE_IDENTIFIER = com.kylesuchar.EventsTutorialTests;
				PRODUCT_NAME = "$(TARGET_NAME)";
				SWIFT_VERSION = 3.0;
				TEST_HOST = "$(BUILT_PRODUCTS_DIR)/EventsTutorial.app/EventsTutorial";
			};
			name = Debug;
		};
		B49A315B1E6A04AE00258C11 /* Release */ = {
			isa = XCBuildConfiguration;
			buildSettings = {
				ALWAYS_EMBED_SWIFT_STANDARD_LIBRARIES = YES;
				BUNDLE_LOADER = "$(TEST_HOST)";
				DEVELOPMENT_TEAM = 6GRLAN4X4N;
				INFOPLIST_FILE = EventsTutorialTests/Info.plist;
				LD_RUNPATH_SEARCH_PATHS = "$(inherited) @executable_path/Frameworks @loader_path/Frameworks";
				PRODUCT_BUNDLE_IDENTIFIER = com.kylesuchar.EventsTutorialTests;
				PRODUCT_NAME = "$(TARGET_NAME)";
				SWIFT_VERSION = 3.0;
				TEST_HOST = "$(BUILT_PRODUCTS_DIR)/EventsTutorial.app/EventsTutorial";
			};
			name = Release;
		};
		B49A315D1E6A04AE00258C11 /* Debug */ = {
			isa = XCBuildConfiguration;
			buildSettings = {
				ALWAYS_EMBED_SWIFT_STANDARD_LIBRARIES = YES;
				DEVELOPMENT_TEAM = 6GRLAN4X4N;
				INFOPLIST_FILE = EventsTutorialUITests/Info.plist;
				LD_RUNPATH_SEARCH_PATHS = "$(inherited) @executable_path/Frameworks @loader_path/Frameworks";
				PRODUCT_BUNDLE_IDENTIFIER = com.kylesuchar.EventsTutorialUITests;
				PRODUCT_NAME = "$(TARGET_NAME)";
				SWIFT_VERSION = 3.0;
				TEST_TARGET_NAME = EventsTutorial;
			};
			name = Debug;
		};
		B49A315E1E6A04AE00258C11 /* Release */ = {
			isa = XCBuildConfiguration;
			buildSettings = {
				ALWAYS_EMBED_SWIFT_STANDARD_LIBRARIES = YES;
				DEVELOPMENT_TEAM = 6GRLAN4X4N;
				INFOPLIST_FILE = EventsTutorialUITests/Info.plist;
				LD_RUNPATH_SEARCH_PATHS = "$(inherited) @executable_path/Frameworks @loader_path/Frameworks";
				PRODUCT_BUNDLE_IDENTIFIER = com.kylesuchar.EventsTutorialUITests;
				PRODUCT_NAME = "$(TARGET_NAME)";
				SWIFT_VERSION = 3.0;
				TEST_TARGET_NAME = EventsTutorial;
			};
			name = Release;
		};
/* End XCBuildConfiguration section */

/* Begin XCConfigurationList section */
		B49A31291E6A04AE00258C11 /* Build configuration list for PBXProject "EventsTutorial" */ = {
			isa = XCConfigurationList;
			buildConfigurations = (
				B49A31541E6A04AE00258C11 /* Debug */,
				B49A31551E6A04AE00258C11 /* Release */,
			);
			defaultConfigurationIsVisible = 0;
			defaultConfigurationName = Release;
		};
		B49A31561E6A04AE00258C11 /* Build configuration list for PBXNativeTarget "EventsTutorial" */ = {
			isa = XCConfigurationList;
			buildConfigurations = (
				B49A31571E6A04AE00258C11 /* Debug */,
				B49A31581E6A04AE00258C11 /* Release */,
			);
			defaultConfigurationIsVisible = 0;
		};
		B49A31591E6A04AE00258C11 /* Build configuration list for PBXNativeTarget "EventsTutorialTests" */ = {
			isa = XCConfigurationList;
			buildConfigurations = (
				B49A315A1E6A04AE00258C11 /* Debug */,
				B49A315B1E6A04AE00258C11 /* Release */,
			);
			defaultConfigurationIsVisible = 0;
		};
		B49A315C1E6A04AE00258C11 /* Build configuration list for PBXNativeTarget "EventsTutorialUITests" */ = {
			isa = XCConfigurationList;
			buildConfigurations = (
				B49A315D1E6A04AE00258C11 /* Debug */,
				B49A315E1E6A04AE00258C11 /* Release */,
			);
			defaultConfigurationIsVisible = 0;
		};
/* End XCConfigurationList section */
	};
	rootObject = B49A31261E6A04AE00258C11 /* Project object */;
}
